<?xml version="1.0" encoding="utf-8"?>
<Project ToolsVersion="4.0" xmlns="http://schemas.microsoft.com/developer/msbuild/2003">
  <ItemGroup>
    <Filter Include="Math">
      <UniqueIdentifier>{db548571-80bd-4e88-b3a7-e32c4b6eff78}</UniqueIdentifier>
    </Filter>
    <Filter Include="Timing">
      <UniqueIdentifier>{fe36213f-1be9-4180-8c32-ac13ae4e34d3}</UniqueIdentifier>
    </Filter>
    <Filter Include="Debug Tools">
      <UniqueIdentifier>{1ea7c2b0-09a5-49e7-82f2-bbf9e5ee3104}</UniqueIdentifier>
    </Filter>
    <Filter Include="Debug Tools\Profiling">
      <UniqueIdentifier>{b80039c6-2a78-4eb0-acf2-7f1b0fdab2b6}</UniqueIdentifier>
    </Filter>
    <Filter Include="Misc">
      <UniqueIdentifier>{582dc8f5-8906-475f-b5cd-f5c7da3322ed}</UniqueIdentifier>
    </Filter>
    <Filter Include="Rendering">
      <UniqueIdentifier>{312aaa46-4d7d-47aa-8016-075f2fd3909a}</UniqueIdentifier>
    </Filter>
  </ItemGroup>
  <ItemGroup>
    <ClInclude Include="Clock.h">
      <Filter>Timing</Filter>
    </ClInclude>
    <ClInclude Include="Vector3D.h">
      <Filter>Math</Filter>
    </ClInclude>
    <ClInclude Include="Matrix3D.h">
      <Filter>Math</Filter>
    </ClInclude>
    <ClInclude Include="TypeDefs.h">
      <Filter>Misc</Filter>
    </ClInclude>
    <ClInclude Include="Profiler.h">
      <Filter>Debug Tools\Profiling</Filter>
    </ClInclude>
    <ClInclude Include="Profile.h">
      <Filter>Debug Tools\Profiling</Filter>
    </ClInclude>
    <ClInclude Include="Geometry.h">
      <Filter>Rendering</Filter>
    </ClInclude>
    <ClInclude Include="Renderable.h">
      <Filter>Rendering</Filter>
    </ClInclude>
    <ClInclude Include="Renderer.h">
      <Filter>Rendering</Filter>
    </ClInclude>
  </ItemGroup>
  <ItemGroup>
    <None Include="Vector3D.inl">
      <Filter>Math</Filter>
    </None>
    <None Include="Matrix3D.inl">
      <Filter>Math</Filter>
    </None>
  </ItemGroup>
  <ItemGroup>
    <ClCompile Include="Clock.cpp">
      <Filter>Timing</Filter>
    </ClCompile>
    <ClCompile Include="Profiler.cpp">
      <Filter>Debug Tools\Profiling</Filter>
    </ClCompile>
    <ClCompile Include="Profile.cpp">
      <Filter>Debug Tools\Profiling</Filter>
    </ClCompile>
    <ClCompile Include="Renderer.cpp">
      <Filter>Rendering</Filter>
    </ClCompile>
  </ItemGroup>
</Project>